
Microsoft Visual Studio Solution File, Format Version 11.00
# Visual Studio 2010
Project("{FAE04EC0-301F-11D3-BF4B-00C04F79EFBC}") = "DateTimeTestSite", "DateTimeTestSite\DateTimeTestSite.csproj", "{AAF59B05-9944-4FFA-8734-0AD28F3E63CB}"
EndProject
Global
	GlobalSection(SolutionConfigurationPlatforms) = preSolution
		Debug|Any CPU = Debug|Any CPU
		Release|Any CPU = Release|Any CPU
	EndGlobalSection
	GlobalSection(ProjectConfigurationPlatforms) = postSolution
		{AAF59B05-9944-4FFA-8734-0AD28F3E63CB}.Debug|Any CPU.ActiveCfg = Debug|Any CPU
		{AAF59B05-9944-4FFA-8734-0AD28F3E63CB}.Debug|Any CPU.Build.0 = Debug|Any CPU
		{AAF59B05-9944-4FFA-8734-0AD28F3E63CB}.Release|Any CPU.ActiveCfg = Release|Any CPU
		{AAF59B05-9944-4FFA-8734-0AD28F3E63CB}.Release|Any CPU.Build.0 = Release|Any CPU
	EndGlobalSection
	GlobalSection(SolutionProperties) = preSolution
		HideSolutionNode = FALSE
	EndGlobalSection
EndGlobal
